
Microsoft Visual Studio Solution File, Format Version 12.00
# Visual Studio Version 17
VisualStudioVersion = 17.8.34408.163
MinimumVisualStudioVersion = 10.0.40219.1
Project("{FAE04EC0-301F-11D3-BF4B-00C04F79EFBC}") = "Loop task3", "Loop task3\Loop task3.csproj", "{EBC775D8-90BF-49E0-A5C5-D1CDECE74349}"
EndProject
Global
	GlobalSection(SolutionConfigurationPlatforms) = preSolution
		Debug|Any CPU = Debug|Any CPU
		Release|Any CPU = Release|Any CPU
	EndGlobalSection
	GlobalSection(ProjectConfigurationPlatforms) = postSolution
		{EBC775D8-90BF-49E0-A5C5-D1CDECE74349}.Debug|Any CPU.ActiveCfg = Debug|Any CPU
		{EBC775D8-90BF-49E0-A5C5-D1CDECE74349}.Debug|Any CPU.Build.0 = Debug|Any CPU
		{EBC775D8-90BF-49E0-A5C5-D1CDECE74349}.Release|Any CPU.ActiveCfg = Release|Any CPU
		{EBC775D8-90BF-49E0-A5C5-D1CDECE74349}.Release|Any CPU.Build.0 = Release|Any CPU
	EndGlobalSection
	GlobalSection(SolutionProperties) = preSolution
		HideSolutionNode = FALSE
	EndGlobalSection
	GlobalSection(ExtensibilityGlobals) = postSolution
		SolutionGuid = {CDBE425C-323A-4D7C-908B-D2F5FAFCA9C1}
	EndGlobalSection
EndGlobal
